
Microsoft Visual Studio Solution File, Format Version 12.00
# Visual Studio Version 17
VisualStudioVersion = 17.7.34031.279
MinimumVisualStudioVersion = 10.0.40219.1
Project("{9A19103F-16F7-4668-BE54-9A1E7A4F7556}") = "IdentityServer", "IdentityServer.csproj", "{655E1B02-27CA-4B84-9B9E-05931D638BBE}"
EndProject
Global
	GlobalSection(SolutionConfigurationPlatforms) = preSolution
		Debug|Any CPU = Debug|Any CPU
		Release|Any CPU = Release|Any CPU
	EndGlobalSection
	GlobalSection(ProjectConfigurationPlatforms) = postSolution
		{655E1B02-27CA-4B84-9B9E-05931D638BBE}.Debug|Any CPU.ActiveCfg = Debug|Any CPU
		{655E1B02-27CA-4B84-9B9E-05931D638BBE}.Debug|Any CPU.Build.0 = Debug|Any CPU
		{655E1B02-27CA-4B84-9B9E-05931D638BBE}.Release|Any CPU.ActiveCfg = Release|Any CPU
		{655E1B02-27CA-4B84-9B9E-05931D638BBE}.Release|Any CPU.Build.0 = Release|Any CPU
	EndGlobalSection
	GlobalSection(SolutionProperties) = preSolution
		HideSolutionNode = FALSE
	EndGlobalSection
	GlobalSection(ExtensibilityGlobals) = postSolution
		SolutionGuid = {7DB1C337-86D8-44F9-A45D-2D0BEF24C0A7}
	EndGlobalSection
EndGlobal
